// !$*UTF8*$!
{
	archiveVersion = 1;
	classes = {
	};
	objectVersion = 51;
	objects = {

/* Begin PBXBuildFile section */
		B225717C248A7DB100727DBB /* OverviewViewController.swift in Sources */ = {isa = PBXBuildFile; fileRef = B225717B248A7DB100727DBB /* OverviewViewController.swift */; };
		B2931D8224886F5A006EBB87 /* AppDelegate.swift in Sources */ = {isa = PBXBuildFile; fileRef = B2931D8124886F5A006EBB87 /* AppDelegate.swift */; };
		B2931D8424886F5A006EBB87 /* SceneDelegate.swift in Sources */ = {isa = PBXBuildFile; fileRef = B2931D8324886F5A006EBB87 /* SceneDelegate.swift */; };
		B2931D8624886F5A006EBB87 /* TaskViewController.swift in Sources */ = {isa = PBXBuildFile; fileRef = B2931D8524886F5A006EBB87 /* TaskViewController.swift */; };
		B2931D8924886F5A006EBB87 /* Main.storyboard in Resources */ = {isa = PBXBuildFile; fileRef = B2931D8724886F5A006EBB87 /* Main.storyboard */; };
		B2931D8B24886F5C006EBB87 /* Assets.xcassets in Resources */ = {isa = PBXBuildFile; fileRef = B2931D8A24886F5C006EBB87 /* Assets.xcassets */; };
		B2931D8E24886F5C006EBB87 /* LaunchScreen.storyboard in Resources */ = {isa = PBXBuildFile; fileRef = B2931D8C24886F5C006EBB87 /* LaunchScreen.storyboard */; };
		B2931D9724887E55006EBB87 /* TaskTableViewCell.swift in Sources */ = {isa = PBXBuildFile; fileRef = B2931D9524887E55006EBB87 /* TaskTableViewCell.swift */; };
		B2931D9824887E55006EBB87 /* TaskTableViewCell.xib in Resources */ = {isa = PBXBuildFile; fileRef = B2931D9624887E55006EBB87 /* TaskTableViewCell.xib */; };
		B2931D9C24899CCA006EBB87 /* GoogleService-Info.plist in Resources */ = {isa = PBXBuildFile; fileRef = B2931D9B24899CCA006EBB87 /* GoogleService-Info.plist */; };
		B2E81CEB2488A88000E181EC /* TextField-Extension.swift in Sources */ = {isa = PBXBuildFile; fileRef = B2E81CEA2488A88000E181EC /* TextField-Extension.swift */; };
		B2E81CED2488AA1300E181EC /* Task.swift in Sources */ = {isa = PBXBuildFile; fileRef = B2E81CEC2488AA1300E181EC /* Task.swift */; };
		B2E81CF12488AB0000E181EC /* AddTaskViewController.swift in Sources */ = {isa = PBXBuildFile; fileRef = B2E81CF02488AB0000E181EC /* AddTaskViewController.swift */; };
		FE175E5E2026306CE4576EEC /* Pods_TaskList.framework in Frameworks */ = {isa = PBXBuildFile; fileRef = CDA5F556188F46C34260F825 /* Pods_TaskList.framework */; };
/* End PBXBuildFile section */

/* Begin PBXFileReference section */
		86A9998F5D729669EB6AF1CB /* Pods-TaskList.debug.xcconfig */ = {isa = PBXFileReference; includeInIndex = 1; lastKnownFileType = text.xcconfig; name = "Pods-TaskList.debug.xcconfig"; path = "Target Support Files/Pods-TaskList/Pods-TaskList.debug.xcconfig"; sourceTree = "<group>"; };
		B225717B248A7DB100727DBB /* OverviewViewController.swift */ = {isa = PBXFileReference; lastKnownFileType = sourcecode.swift; name = OverviewViewController.swift; path = TaskList/Controller/OverviewViewController.swift; sourceTree = SOURCE_ROOT; };
		B2931D7E24886F5A006EBB87 /* TaskList.app */ = {isa = PBXFileReference; explicitFileType = wrapper.application; includeInIndex = 0; path = TaskList.app; sourceTree = BUILT_PRODUCTS_DIR; };
		B2931D8124886F5A006EBB87 /* AppDelegate.swift */ = {isa = PBXFileReference; lastKnownFileType = sourcecode.swift; path = AppDelegate.swift; sourceTree = "<group>"; };
		B2931D8324886F5A006EBB87 /* SceneDelegate.swift */ = {isa = PBXFileReference; lastKnownFileType = sourcecode.swift; path = SceneDelegate.swift; sourceTree = "<group>"; };
		B2931D8524886F5A006EBB87 /* TaskViewController.swift */ = {isa = PBXFileReference; lastKnownFileType = sourcecode.swift; path = TaskViewController.swift; sourceTree = "<group>"; };
		B2931D8824886F5A006EBB87 /* Base */ = {isa = PBXFileReference; lastKnownFileType = file.storyboard; name = Base; path = Base.lproj/Main.storyboard; sourceTree = "<group>"; };
		B2931D8A24886F5C006EBB87 /* Assets.xcassets */ = {isa = PBXFileReference; lastKnownFileType = folder.assetcatalog; path = Assets.xcassets; sourceTree = "<group>"; };
		B2931D8D24886F5C006EBB87 /* Base */ = {isa = PBXFileReference; lastKnownFileType = file.storyboard; name = Base; path = Base.lproj/LaunchScreen.storyboard; sourceTree = "<group>"; };
		B2931D8F24886F5C006EBB87 /* Info.plist */ = {isa = PBXFileReference; lastKnownFileType = text.plist.xml; path = Info.plist; sourceTree = "<group>"; };
		B2931D9524887E55006EBB87 /* TaskTableViewCell.swift */ = {isa = PBXFileReference; lastKnownFileType = sourcecode.swift; path = TaskTableViewCell.swift; sourceTree = "<group>"; };
		B2931D9624887E55006EBB87 /* TaskTableViewCell.xib */ = {isa = PBXFileReference; lastKnownFileType = file.xib; path = TaskTableViewCell.xib; sourceTree = "<group>"; };
		B2931D9B24899CCA006EBB87 /* GoogleService-Info.plist */ = {isa = PBXFileReference; fileEncoding = 4; lastKnownFileType = text.plist.xml; path = "GoogleService-Info.plist"; sourceTree = "<group>"; };
		B2E81CEA2488A88000E181EC /* TextField-Extension.swift */ = {isa = PBXFileReference; lastKnownFileType = sourcecode.swift; path = "TextField-Extension.swift"; sourceTree = "<group>"; };
		B2E81CEC2488AA1300E181EC /* Task.swift */ = {isa = PBXFileReference; lastKnownFileType = sourcecode.swift; path = Task.swift; sourceTree = "<group>"; };
		B2E81CF02488AB0000E181EC /* AddTaskViewController.swift */ = {isa = PBXFileReference; lastKnownFileType = sourcecode.swift; path = AddTaskViewController.swift; sourceTree = "<group>"; };
		B4CBD278482C5DE2067094DC /* Pods-TaskList.release.xcconfig */ = {isa = PBXFileReference; includeInIndex = 1; lastKnownFileType = text.xcconfig; name = "Pods-TaskList.release.xcconfig"; path = "Target Support Files/Pods-TaskList/Pods-TaskList.release.xcconfig"; sourceTree = "<group>"; };
		CDA5F556188F46C34260F825 /* Pods_TaskList.framework */ = {isa = PBXFileReference; explicitFileType = wrapper.framework; includeInIndex = 0; path = Pods_TaskList.framework; sourceTree = BUILT_PRODUCTS_DIR; };
/* End PBXFileReference section */

/* Begin PBXFrameworksBuildPhase section */
		B2931D7B24886F5A006EBB87 /* Frameworks */ = {
			isa = PBXFrameworksBuildPhase;
			buildActionMask = 2147483647;
			files = (
				FE175E5E2026306CE4576EEC /* Pods_TaskList.framework in Frameworks */,
			);
			runOnlyForDeploymentPostprocessing = 0;
		};
/* End PBXFrameworksBuildPhase section */

/* Begin PBXGroup section */
		9368F9218357C11925BA495C /* Frameworks */ = {
			isa = PBXGroup;
			children = (
				CDA5F556188F46C34260F825 /* Pods_TaskList.framework */,
			);
			name = Frameworks;
			sourceTree = "<group>";
		};
		B2931D7524886F5A006EBB87 = {
			isa = PBXGroup;
			children = (
				B2931D8024886F5A006EBB87 /* TaskList */,
				B2931D7F24886F5A006EBB87 /* Products */,
				BF5B123F949B9CE4CA8C0673 /* Pods */,
				9368F9218357C11925BA495C /* Frameworks */,
			);
			sourceTree = "<group>";
		};
		B2931D7F24886F5A006EBB87 /* Products */ = {
			isa = PBXGroup;
			children = (
				B2931D7E24886F5A006EBB87 /* TaskList.app */,
			);
			name = Products;
			sourceTree = "<group>";
		};
		B2931D8024886F5A006EBB87 /* TaskList */ = {
			isa = PBXGroup;
			children = (
				B2931D9F2489C4A3006EBB87 /* View */,
				B2931D9E2489C43F006EBB87 /* Model */,
				B2931D9D2489C42B006EBB87 /* Controller */,
				B2E81CEA2488A88000E181EC /* TextField-Extension.swift */,
				B2931D8124886F5A006EBB87 /* AppDelegate.swift */,
				B2931D8324886F5A006EBB87 /* SceneDelegate.swift */,
				B2931D8A24886F5C006EBB87 /* Assets.xcassets */,
				B2931D8C24886F5C006EBB87 /* LaunchScreen.storyboard */,
				B2931D8F24886F5C006EBB87 /* Info.plist */,
				B2931D9B24899CCA006EBB87 /* GoogleService-Info.plist */,
			);
			path = TaskList;
			sourceTree = "<group>";
		};
		B2931D9D2489C42B006EBB87 /* Controller */ = {
			isa = PBXGroup;
			children = (
				B225717B248A7DB100727DBB /* OverviewViewController.swift */,
				B2E81CF02488AB0000E181EC /* AddTaskViewController.swift */,
				B2931D8524886F5A006EBB87 /* TaskViewController.swift */,
				B2931D9524887E55006EBB87 /* TaskTableViewCell.swift */,
			);
			path = Controller;
			sourceTree = "<group>";
		};
		B2931D9E2489C43F006EBB87 /* Model */ = {
			isa = PBXGroup;
			children = (
				B2E81CEC2488AA1300E181EC /* Task.swift */,
			);
			path = Model;
			sourceTree = "<group>";
		};
		B2931D9F2489C4A3006EBB87 /* View */ = {
			isa = PBXGroup;
			children = (
				B2931D8724886F5A006EBB87 /* Main.storyboard */,
				B2931D9624887E55006EBB87 /* TaskTableViewCell.xib */,
			);
			path = View;
			sourceTree = "<group>";
		};
		BF5B123F949B9CE4CA8C0673 /* Pods */ = {
			isa = PBXGroup;
			children = (
				86A9998F5D729669EB6AF1CB /* Pods-TaskList.debug.xcconfig */,
				B4CBD278482C5DE2067094DC /* Pods-TaskList.release.xcconfig */,
			);
			path = Pods;
			sourceTree = "<group>";
		};
/* End PBXGroup section */

/* Begin PBXNativeTarget section */
		B2931D7D24886F5A006EBB87 /* TaskList */ = {
			isa = PBXNativeTarget;
			buildConfigurationList = B2931D9224886F5C006EBB87 /* Build configuration list for PBXNativeTarget "TaskList" */;
			buildPhases = (
				7F6F67D17E0A0E51619FCCFB /* [CP] Check Pods Manifest.lock */,
				B2931D7A24886F5A006EBB87 /* Sources */,
				B2931D7B24886F5A006EBB87 /* Frameworks */,
				B2931D7C24886F5A006EBB87 /* Resources */,
				0B38A393CF899AAC028699AE /* [CP] Embed Pods Frameworks */,
			);
			buildRules = (
			);
			dependencies = (
			);
			name = TaskList;
			productName = TaskList;
			productReference = B2931D7E24886F5A006EBB87 /* TaskList.app */;
			productType = "com.apple.product-type.application";
		};
/* End PBXNativeTarget section */

/* Begin PBXProject section */
		B2931D7624886F5A006EBB87 /* Project object */ = {
			isa = PBXProject;
			attributes = {
				LastSwiftUpdateCheck = 1140;
				LastUpgradeCheck = 1140;
				ORGANIZATIONNAME = "Partha Sarathy";
				TargetAttributes = {
					B2931D7D24886F5A006EBB87 = {
						CreatedOnToolsVersion = 11.4.1;
					};
				};
			};
			buildConfigurationList = B2931D7924886F5A006EBB87 /* Build configuration list for PBXProject "TaskList" */;
			compatibilityVersion = "Xcode 9.3";
			developmentRegion = en;
			hasScannedForEncodings = 0;
			knownRegions = (
				en,
				Base,
			);
			mainGroup = B2931D7524886F5A006EBB87;
			productRefGroup = B2931D7F24886F5A006EBB87 /* Products */;
			projectDirPath = "";
			projectRoot = "";
			targets = (
				B2931D7D24886F5A006EBB87 /* TaskList */,
			);
		};
/* End PBXProject section */

/* Begin PBXResourcesBuildPhase section */
		B2931D7C24886F5A006EBB87 /* Resources */ = {
			isa = PBXResourcesBuildPhase;
			buildActionMask = 2147483647;
			files = (
				B2931D9824887E55006EBB87 /* TaskTableViewCell.xib in Resources */,
				B2931D8E24886F5C006EBB87 /* LaunchScreen.storyboard in Resources */,
				B2931D9C24899CCA006EBB87 /* GoogleService-Info.plist in Resources */,
				B2931D8B24886F5C006EBB87 /* Assets.xcassets in Resources */,
				B2931D8924886F5A006EBB87 /* Main.storyboard in Resources */,
			);
			runOnlyForDeploymentPostprocessing = 0;
		};
/* End PBXResourcesBuildPhase section */

/* Begin PBXShellScriptBuildPhase section */
		0B38A393CF899AAC028699AE /* [CP] Embed Pods Frameworks */ = {
			isa = PBXShellScriptBuildPhase;
			buildActionMask = 2147483647;
			files = (
			);
			inputFileListPaths = (
				"${PODS_ROOT}/Target Support Files/Pods-TaskList/Pods-TaskList-frameworks-${CONFIGURATION}-input-files.xcfilelist",
			);
			name = "[CP] Embed Pods Frameworks";
			outputFileListPaths = (
				"${PODS_ROOT}/Target Support Files/Pods-TaskList/Pods-TaskList-frameworks-${CONFIGURATION}-output-files.xcfilelist",
			);
			runOnlyForDeploymentPostprocessing = 0;
			shellPath = /bin/sh;
			shellScript = "\"${PODS_ROOT}/Target Support Files/Pods-TaskList/Pods-TaskList-frameworks.sh\"\n";
			showEnvVarsInLog = 0;
		};
		7F6F67D17E0A0E51619FCCFB /* [CP] Check Pods Manifest.lock */ = {
			isa = PBXShellScriptBuildPhase;
			buildActionMask = 2147483647;
			files = (
			);
			inputFileListPaths = (
			);
			inputPaths = (
				"${PODS_PODFILE_DIR_PATH}/Podfile.lock",
				"${PODS_ROOT}/Manifest.lock",
			);
			name = "[CP] Check Pods Manifest.lock";
			outputFileListPaths = (
			);
			outputPaths = (
				"$(DERIVED_FILE_DIR)/Pods-TaskList-checkManifestLockResult.txt",
			);
			runOnlyForDeploymentPostprocessing = 0;
			shellPath = /bin/sh;
			shellScript = "diff \"${PODS_PODFILE_DIR_PATH}/Podfile.lock\" \"${PODS_ROOT}/Manifest.lock\" > /dev/null\nif [ $? != 0 ] ; then\n    # print error to STDERR\n    echo \"error: The sandbox is not in sync with the Podfile.lock. Run 'pod install' or update your CocoaPods installation.\" >&2\n    exit 1\nfi\n# This output is used by Xcode 'outputs' to avoid re-running this script phase.\necho \"SUCCESS\" > \"${SCRIPT_OUTPUT_FILE_0}\"\n";
			showEnvVarsInLog = 0;
		};
/* End PBXShellScriptBuildPhase section */

/* Begin PBXSourcesBuildPhase section */
		B2931D7A24886F5A006EBB87 /* Sources */ = {
			isa = PBXSourcesBuildPhase;
			buildActionMask = 2147483647;
			files = (
				B2931D9724887E55006EBB87 /* TaskTableViewCell.swift in Sources */,
				B2E81CF12488AB0000E181EC /* AddTaskViewController.swift in Sources */,
				B2931D8624886F5A006EBB87 /* TaskViewController.swift in Sources */,
				B2931D8224886F5A006EBB87 /* AppDelegate.swift in Sources */,
				B2931D8424886F5A006EBB87 /* SceneDelegate.swift in Sources */,
				B225717C248A7DB100727DBB /* OverviewViewController.swift in Sources */,
				B2E81CED2488AA1300E181EC /* Task.swift in Sources */,
				B2E81CEB2488A88000E181EC /* TextField-Extension.swift in Sources */,
			);
			runOnlyForDeploymentPostprocessing = 0;
		};
/* End PBXSourcesBuildPhase section */

/* Begin PBXVariantGroup section */
		B2931D8724886F5A006EBB87 /* Main.storyboard */ = {
			isa = PBXVariantGroup;
			children = (
				B2931D8824886F5A006EBB87 /* Base */,
			);
			name = Main.storyboard;
			sourceTree = "<group>";
		};
		B2931D8C24886F5C006EBB87 /* LaunchScreen.storyboard */ = {
			isa = PBXVariantGroup;
			children = (
				B2931D8D24886F5C006EBB87 /* Base */,
			);
			name = LaunchScreen.storyboard;
			sourceTree = "<group>";
		};
/* End PBXVariantGroup section */

/* Begin XCBuildConfiguration section */
		B2931D9024886F5C006EBB87 /* Debug */ = {
			isa = XCBuildConfiguration;
			buildSettings = {
				ALWAYS_SEARCH_USER_PATHS = NO;
				CLANG_ANALYZER_NONNULL = YES;
				CLANG_ANALYZER_NUMBER_OBJECT_CONVERSION = YES_AGGRESSIVE;
				CLANG_CXX_LANGUAGE_STANDARD = "gnu++14";
				CLANG_CXX_LIBRARY = "libc++";
				CLANG_ENABLE_MODULES = YES;
				CLANG_ENABLE_OBJC_ARC = YES;
				CLANG_ENABLE_OBJC_WEAK = YES;
				CLANG_WARN_BLOCK_CAPTURE_AUTORELEASING = YES;
				CLANG_WARN_BOOL_CONVERSION = YES;
				CLANG_WARN_COMMA = YES;
				CLANG_WARN_CONSTANT_CONVERSION = YES;
				CLANG_WARN_DEPRECATED_OBJC_IMPLEMENTATIONS = YES;
				CLANG_WARN_DIRECT_OBJC_ISA_USAGE = YES_ERROR;
				CLANG_WARN_DOCUMENTATION_COMMENTS = YES;
				CLANG_WARN_EMPTY_BODY = YES;
				CLANG_WARN_ENUM_CONVERSION = YES;
				CLANG_WARN_INFINITE_RECURSION = YES;
				CLANG_WARN_INT_CONVERSION = YES;
				CLANG_WARN_NON_LITERAL_NULL_CONVERSION = YES;
				CLANG_WARN_OBJC_IMPLICIT_RETAIN_SELF = YES;
				CLANG_WARN_OBJC_LITERAL_CONVERSION = YES;
				CLANG_WARN_OBJC_ROOT_CLASS = YES_ERROR;
				CLANG_WARN_RANGE_LOOP_ANALYSIS = YES;
				CLANG_WARN_STRICT_PROTOTYPES = YES;
				CLANG_WARN_SUSPICIOUS_MOVE = YES;
				CLANG_WARN_UNGUARDED_AVAILABILITY = YES_AGGRESSIVE;
				CLANG_WARN_UNREACHABLE_CODE = YES;
				CLANG_WARN__DUPLICATE_METHOD_MATCH = YES;
				COPY_PHASE_STRIP = NO;
				DEBUG_INFORMATION_FORMAT = dwarf;
				ENABLE_STRICT_OBJC_MSGSEND = YES;
				ENABLE_TESTABILITY = YES;
				GCC_C_LANGUAGE_STANDARD = gnu11;
				GCC_DYNAMIC_NO_PIC = NO;
				GCC_NO_COMMON_BLOCKS = YES;
				GCC_OPTIMIZATION_LEVEL = 0;
				GCC_PREPROCESSOR_DEFINITIONS = (
					"DEBUG=1",
					"$(inherited)",
				);
				GCC_WARN_64_TO_32_BIT_CONVERSION = YES;
				GCC_WARN_ABOUT_RETURN_TYPE = YES_ERROR;
				GCC_WARN_UNDECLARED_SELECTOR = YES;
				GCC_WARN_UNINITIALIZED_AUTOS = YES_AGGRESSIVE;
				GCC_WARN_UNUSED_FUNCTION = YES;
				GCC_WARN_UNUSED_VARIABLE = YES;
				IPHONEOS_DEPLOYMENT_TARGET = 13.4;
				MTL_ENABLE_DEBUG_INFO = INCLUDE_SOURCE;
				MTL_FAST_MATH = YES;
				ONLY_ACTIVE_ARCH = YES;
				SDKROOT = iphoneos;
				SWIFT_ACTIVE_COMPILATION_CONDITIONS = DEBUG;
				SWIFT_OPTIMIZATION_LEVEL = "-Onone";
			};
			name = Debug;
		};
		B2931D9124886F5C006EBB87 /* Release */ = {
			isa = XCBuildConfiguration;
			buildSettings = {
				ALWAYS_SEARCH_USER_PATHS = NO;
				CLANG_ANALYZER_NONNULL = YES;
				CLANG_ANALYZER_NUMBER_OBJECT_CONVERSION = YES_AGGRESSIVE;
				CLANG_CXX_LANGUAGE_STANDARD = "gnu++14";
				CLANG_CXX_LIBRARY = "libc++";
				CLANG_ENABLE_MODULES = YES;
				CLANG_ENABLE_OBJC_ARC = YES;
				CLANG_ENABLE_OBJC_WEAK = YES;
				CLANG_WARN_BLOCK_CAPTURE_AUTORELEASING = YES;
				CLANG_WARN_BOOL_CONVERSION = YES;
				CLANG_WARN_COMMA = YES;
				CLANG_WARN_CONSTANT_CONVERSION = YES;
				CLANG_WARN_DEPRECATED_OBJC_IMPLEMENTATIONS = YES;
				CLANG_WARN_DIRECT_OBJC_ISA_USAGE = YES_ERROR;
				CLANG_WARN_DOCUMENTATION_COMMENTS = YES;
				CLANG_WARN_EMPTY_BODY = YES;
				CLANG_WARN_ENUM_CONVERSION = YES;
				CLANG_WARN_INFINITE_RECURSION = YES;
				CLANG_WARN_INT_CONVERSION = YES;
				CLANG_WARN_NON_LITERAL_NULL_CONVERSION = YES;
				CLANG_WARN_OBJC_IMPLICIT_RETAIN_SELF = YES;
				CLANG_WARN_OBJC_LITERAL_CONVERSION = YES;
				CLANG_WARN_OBJC_ROOT_CLASS = YES_ERROR;
				CLANG_WARN_RANGE_LOOP_ANALYSIS = YES;
				CLANG_WARN_STRICT_PROTOTYPES = YES;
				CLANG_WARN_SUSPICIOUS_MOVE = YES;
				CLANG_WARN_UNGUARDED_AVAILABILITY = YES_AGGRESSIVE;
				CLANG_WARN_UNREACHABLE_CODE = YES;
				CLANG_WARN__DUPLICATE_METHOD_MATCH = YES;
				COPY_PHASE_STRIP = NO;
				DEBUG_INFORMATION_FORMAT = "dwarf-with-dsym";
				ENABLE_NS_ASSERTIONS = NO;
				ENABLE_STRICT_OBJC_MSGSEND = YES;
				GCC_C_LANGUAGE_STANDARD = gnu11;
				GCC_NO_COMMON_BLOCKS = YES;
				GCC_WARN_64_TO_32_BIT_CONVERSION = YES;
				GCC_WARN_ABOUT_RETURN_TYPE = YES_ERROR;
				GCC_WARN_UNDECLARED_SELECTOR = YES;
				GCC_WARN_UNINITIALIZED_AUTOS = YES_AGGRESSIVE;
				GCC_WARN_UNUSED_FUNCTION = YES;
				GCC_WARN_UNUSED_VARIABLE = YES;
				IPHONEOS_DEPLOYMENT_TARGET = 13.4;
				MTL_ENABLE_DEBUG_INFO = NO;
				MTL_FAST_MATH = YES;
				SDKROOT = iphoneos;
				SWIFT_COMPILATION_MODE = wholemodule;
				SWIFT_OPTIMIZATION_LEVEL = "-O";
				VALIDATE_PRODUCT = YES;
			};
			name = Release;
		};
		B2931D9324886F5C006EBB87 /* Debug */ = {
			isa = XCBuildConfiguration;
			baseConfigurationReference = 86A9998F5D729669EB6AF1CB /* Pods-TaskList.debug.xcconfig */;
			buildSettings = {
				ASSETCATALOG_COMPILER_APPICON_NAME = AppIcon;
				CODE_SIGN_STYLE = Automatic;
				DEVELOPMENT_TEAM = 5LM4V5K574;
				INFOPLIST_FILE = TaskList/Info.plist;
				IPHONEOS_DEPLOYMENT_TARGET = 13.0;
				LD_RUNPATH_SEARCH_PATHS = (
					"$(inherited)",
					"@executable_path/Frameworks",
				);
				PRODUCT_BUNDLE_IDENTIFIER = Partha.TaskList;
				PRODUCT_NAME = "$(TARGET_NAME)";
				SWIFT_VERSION = 5.0;
				TARGETED_DEVICE_FAMILY = 1;
			};
			name = Debug;
		};
		B2931D9424886F5C006EBB87 /* Release */ = {
			isa = XCBuildConfiguration;
			baseConfigurationReference = B4CBD278482C5DE2067094DC /* Pods-TaskList.release.xcconfig */;
			buildSettings = {
				ASSETCATALOG_COMPILER_APPICON_NAME = AppIcon;
				CODE_SIGN_STYLE = Automatic;
				DEVELOPMENT_TEAM = 5LM4V5K574;
				INFOPLIST_FILE = TaskList/Info.plist;
				IPHONEOS_DEPLOYMENT_TARGET = 13.0;
				LD_RUNPATH_SEARCH_PATHS = (
					"$(inherited)",
					"@executable_path/Frameworks",
				);
				PRODUCT_BUNDLE_IDENTIFIER = Partha.TaskList;
				PRODUCT_NAME = "$(TARGET_NAME)";
				SWIFT_VERSION = 5.0;
				TARGETED_DEVICE_FAMILY = 1;
			};
			name = Release;
		};
/* End XCBuildConfiguration section */

/* Begin XCConfigurationList section */
		B2931D7924886F5A006EBB87 /* Build configuration list for PBXProject "TaskList" */ = {
			isa = XCConfigurationList;
			buildConfigurations = (
				B2931D9024886F5C006EBB87 /* Debug */,
				B2931D9124886F5C006EBB87 /* Release */,
			);
			defaultConfigurationIsVisible = 0;
			defaultConfigurationName = Release;
		};
		B2931D9224886F5C006EBB87 /* Build configuration list for PBXNativeTarget "TaskList" */ = {
			isa = XCConfigurationList;
			buildConfigurations = (
				B2931D9324886F5C006EBB87 /* Debug */,
				B2931D9424886F5C006EBB87 /* Release */,
			);
			defaultConfigurationIsVisible = 0;
			defaultConfigurationName = Release;
		};
/* End XCConfigurationList section */
	};
	rootObject = B2931D7624886F5A006EBB87 /* Project object */;
}
